// !$*UTF8*$!
{
	archiveVersion = 1;
	classes = {
	};
	objectVersion = 52;
	objects = {

/* Begin PBXBuildFile section */
		012D2B48565D579B95D5DF4D /* Environment.swift in Sources */ = {isa = PBXBuildFile; fileRef = 3229FFBD535AC9C0D07BE8DA /* Environment.swift */; };
		01DC1C367D037F85B72CD86C /* Preset.swift in Sources */ = {isa = PBXBuildFile; fileRef = 79E18C4E3A46C05F553CDDA3 /* Preset.swift */; };
		042BFC4C3CA2F830F844B9C7 /* ResultTableCell.swift in Sources */ = {isa = PBXBuildFile; fileRef = FA4C6E7C3008AF5A16F2B43E /* ResultTableCell.swift */; };
		057B1BA5801D0651DD76A95E /* PlayVC+UICollectionDataSource.swift in Sources */ = {isa = PBXBuildFile; fileRef = 48BB4C2861C908CB7C8B923F /* PlayVC+UICollectionDataSource.swift */; };
		09E24EA4B8706BE9B6C154D9 /* TopVM.swift in Sources */ = {isa = PBXBuildFile; fileRef = 5B391B1F01F3815D13242C37 /* TopVM.swift */; };
		0B0F6103589B2D74596B7A0C /* PromiseKit in Frameworks */ = {isa = PBXBuildFile; productRef = D6434CA7DA8DC225176F03CF /* PromiseKit */; };
		0CF206C18BC3A03E43A9F689 /* AppleMusicTopRssResponse.swift in Sources */ = {isa = PBXBuildFile; fileRef = 06C9B9C4E07A89E1AAEE8BF3 /* AppleMusicTopRssResponse.swift */; };
		115DF74282C5376151CC0D7E /* IBDesignableView.swift in Sources */ = {isa = PBXBuildFile; fileRef = A56B0FF4E7BC9CB3C05292B4 /* IBDesignableView.swift */; };
		146BD86F6878DB80BFEA2BE8 /* ResponseEntity.swift in Sources */ = {isa = PBXBuildFile; fileRef = 6694F4A70694CDEE3A9428BA /* ResponseEntity.swift */; };
		1493435314BC56BE4BA3022B /* RxSwift in Frameworks */ = {isa = PBXBuildFile; productRef = CF72CB7F507F4557EAD3F929 /* RxSwift */; };
		165B25B9E24F8944A4B9D313 /* ViewModel.swift in Sources */ = {isa = PBXBuildFile; fileRef = 8B5E746F6B2F091B9D8E27CC /* ViewModel.swift */; };
		1E1397BA1EEA4865E0B4FCD3 /* FudaCollectionCell.xib in Resources */ = {isa = PBXBuildFile; fileRef = 350C70C0286AF794447E7CC0 /* FudaCollectionCell.xib */; };
		1EA6C107A7C1ACB3B712A1B0 /* ResultTableCell.xib in Resources */ = {isa = PBXBuildFile; fileRef = 1D6C9ECF7892808C4FE34C4C /* ResultTableCell.xib */; };
		1F87D7D9D6D76C64FEAF7053 /* CreateGroupCoordinator.swift in Sources */ = {isa = PBXBuildFile; fileRef = F756FC4D0634C9116417AE92 /* CreateGroupCoordinator.swift */; };
		212AC047F76DC4D0796D02F6 /* Images.xcassets in Resources */ = {isa = PBXBuildFile; fileRef = 22841ED4131A856361C36185 /* Images.xcassets */; };
		299E4BAA97FAA8E5B55E08B5 /* UserRepository.swift in Sources */ = {isa = PBXBuildFile; fileRef = B4D5A65974EF6C8E88E60043 /* UserRepository.swift */; };
		2AAE782A314305E9F24A9539 /* NSObject+Ex.swift in Sources */ = {isa = PBXBuildFile; fileRef = 484EC663DEA2A5A3C6145C8B /* NSObject+Ex.swift */; };
		2C2B0561911052FB0FD186B0 /* GoogleService-Info.plist in Resources */ = {isa = PBXBuildFile; fileRef = 5F36D93759088B08CBA15FC6 /* GoogleService-Info.plist */; };
		2C5901AD088BB6754A251D76 /* CreateRoomVC.swift in Sources */ = {isa = PBXBuildFile; fileRef = 742F335AC8F2B600971DF16B /* CreateRoomVC.swift */; };
		2F1F1C473944B56050B7CC52 /* CreateRoomVM.swift in Sources */ = {isa = PBXBuildFile; fileRef = EA54F5D8F4649A1FE041834F /* CreateRoomVM.swift */; };
		3138204C0E81D5635EF0329A /* Date+Ex.swift in Sources */ = {isa = PBXBuildFile; fileRef = 98BD6C9FEC50CF910A541740 /* Date+Ex.swift */; };
		32A18C6AD9E08C55A89B218D /* ResultVC+Ex.swift in Sources */ = {isa = PBXBuildFile; fileRef = 9FAEC62892C313B1F15084CF /* ResultVC+Ex.swift */; };
		32E0F8F35DB49DFCFC447C3E /* Alamofire in Frameworks */ = {isa = PBXBuildFile; productRef = 248781FA6C44A1A1AC7F97C6 /* Alamofire */; };
		33D5BA08A739C16F880D4A43 /* CIImage+Ex.swift in Sources */ = {isa = PBXBuildFile; fileRef = 1493713EF651FE3113879952 /* CIImage+Ex.swift */; };
		364BBE147364CD239EFEA481 /* ApiClient.swift in Sources */ = {isa = PBXBuildFile; fileRef = 1E6267D69528E861E98A34E3 /* ApiClient.swift */; };
		3AF720D760FE571F18C0E427 /* PlayVC+Ex.swift in Sources */ = {isa = PBXBuildFile; fileRef = 15E16E7014D4B815215AE943 /* PlayVC+Ex.swift */; };
		402EF874585ECA78DDA709AD /* UICollection+Ex.swift in Sources */ = {isa = PBXBuildFile; fileRef = 0825AF99214B63C0623CA237 /* UICollection+Ex.swift */; };
		40AAFDA154E74AB3AC702E94 /* Result.storyboard in Resources */ = {isa = PBXBuildFile; fileRef = 7B0A8D17B73B858180A414D9 /* Result.storyboard */; };
		41527304F6EB526F8069CC07 /* AppCoordinator.swift in Sources */ = {isa = PBXBuildFile; fileRef = B573E968410D8B03243C3CF8 /* AppCoordinator.swift */; };
		437BF5B6E0E5A8C922BE4C10 /* PlayVC+UICollectionLayout.swift in Sources */ = {isa = PBXBuildFile; fileRef = 9F942A7B2FBB86AA506D130D /* PlayVC+UICollectionLayout.swift */; };
		43FB30903F861198F2F6F3C0 /* ColorList.swift in Sources */ = {isa = PBXBuildFile; fileRef = 4FBB898AA99B50D09DCE8D87 /* ColorList.swift */; };
		4697C4BE3C1ADBA0ABB93596 /* SelectMusicTableCell.swift in Sources */ = {isa = PBXBuildFile; fileRef = 1B8543765A125A12C173A65D /* SelectMusicTableCell.swift */; };
		4905EA3CFFBC869481317217 /* CardCountMode.swift in Sources */ = {isa = PBXBuildFile; fileRef = 7D92608850470B48FB6BA1CC /* CardCountMode.swift */; };
		4C38D20BAAB2506EC56AF96B /* Collection+Ex.swift in Sources */ = {isa = PBXBuildFile; fileRef = 01527C05FA311A357659649E /* Collection+Ex.swift */; };
		4CB40C5340414E2B15A5D304 /* Urls.swift in Sources */ = {isa = PBXBuildFile; fileRef = 41760B69C7B95CC8CFCA23C4 /* Urls.swift */; };
		4CB9FCC877307AF4CDB0EE72 /* SearchResultCell.xib in Resources */ = {isa = PBXBuildFile; fileRef = 3EABD59D79535D4DD20F58C3 /* SearchResultCell.xib */; };
		4DCC0F7274EDDAD434B7C4B6 /* PresetsResponse.swift in Sources */ = {isa = PBXBuildFile; fileRef = 200ABBE8CA5AA174307A2083 /* PresetsResponse.swift */; };
		520908D155247CEDE7D7BD04 /* ResultVC+UICollectionDelegate.swift in Sources */ = {isa = PBXBuildFile; fileRef = CCE4AC2E7FD016F3C4BB6E68 /* ResultVC+UICollectionDelegate.swift */; };
		5731458A02153635FB97D55A /* Play.storyboard in Resources */ = {isa = PBXBuildFile; fileRef = EBC0193C855C8C7F7E494A3F /* Play.storyboard */; };
		5D3B61E529629C09DA8F96B2 /* FontsGen.swift in Sources */ = {isa = PBXBuildFile; fileRef = 76BCE9D924BD5089B4BD3A47 /* FontsGen.swift */; };
		673BB710B4EC5000525166AA /* PresetUseCase.swift in Sources */ = {isa = PBXBuildFile; fileRef = 28D984F09EF6F36B83FAC708 /* PresetUseCase.swift */; };
		6B1FDEFF27F6E8E6BCA7130E /* PresetResponse.swift in Sources */ = {isa = PBXBuildFile; fileRef = 7D1082FB431DA7DDA99A0808 /* PresetResponse.swift */; };
		6DA330E7F5C55F7A9FD04FC6 /* Coordinator.swift in Sources */ = {isa = PBXBuildFile; fileRef = 3F2CA6F4517AB879E2A08058 /* Coordinator.swift */; };
		70DA2EB8FF776B5EC60D9724 /* SearchGroupVC.swift in Sources */ = {isa = PBXBuildFile; fileRef = DB2D001001C6D025DE1A27BC /* SearchGroupVC.swift */; };
		74A8857E5867A3D9EAA95D7A /* String+Ex.swift in Sources */ = {isa = PBXBuildFile; fileRef = 495347AEB60D79E4A75D9DEE /* String+Ex.swift */; };
		760278A1E0119193D92FF795 /* IBDesignableSegumentControl.swift in Sources */ = {isa = PBXBuildFile; fileRef = 2D7321ECA141F838663ABDFE /* IBDesignableSegumentControl.swift */; };
		767ACFBA423F9BA4F1D62072 /* CombineCocoa in Frameworks */ = {isa = PBXBuildFile; productRef = 3A553FA308FF32DC89349584 /* CombineCocoa */; };
		782B938A64FCCC055B538390 /* MenuVC.swift in Sources */ = {isa = PBXBuildFile; fileRef = 6CC706CAC0C14483AFB34423 /* MenuVC.swift */; };
		78F2187F50182E89EC2264F6 /* User.swift in Sources */ = {isa = PBXBuildFile; fileRef = F3B54860E7D9803FE76E6FA5 /* User.swift */; };
		7BED82243F1D81557FEE11CB /* MPMediaPlayer+Ex.swift in Sources */ = {isa = PBXBuildFile; fileRef = 7F27FFE0F863F9A65376907E /* MPMediaPlayer+Ex.swift */; };
		7BF290409F277AEED8031160 /* Otofuda_iOSUITests.swift in Sources */ = {isa = PBXBuildFile; fileRef = EEFE926F2CA5CFE30351C98D /* Otofuda_iOSUITests.swift */; };
		7BFAFD7107AD10D907C5E561 /* AppDelegate.swift in Sources */ = {isa = PBXBuildFile; fileRef = 93A11B5A08DE1569CB41663C /* AppDelegate.swift */; };
		808C3E949FD70FE8A5DD006A /* Room.swift in Sources */ = {isa = PBXBuildFile; fileRef = 363BCC2BA4B1275DB3A8E82D /* Room.swift */; };
		80F67F7F55BA78FB472B29AA /* TopView.swift in Sources */ = {isa = PBXBuildFile; fileRef = D1267DD9FB955B0B254155AD /* TopView.swift */; };
		86B822AA43D14A247EC06D14 /* StringsGen.swift in Sources */ = {isa = PBXBuildFile; fileRef = FCED8ECA609E4FCECF61098B /* StringsGen.swift */; };
		87034D21B23AC94B46038328 /* Splash.storyboard in Resources */ = {isa = PBXBuildFile; fileRef = FF2EE17C9546B27098F42BDC /* Splash.storyboard */; };
		871A9A8DF3B77F327BEB0FA7 /* MenuVC+UITableDelegate.swift in Sources */ = {isa = PBXBuildFile; fileRef = 772FF01A44AC36090E8A5688 /* MenuVC+UITableDelegate.swift */; };
		897E8E94AD8E18A05DB55565 /* SearchResultCell.swift in Sources */ = {isa = PBXBuildFile; fileRef = 032D53C98EBD8B6DC0EC0C17 /* SearchResultCell.swift */; };
		899638E4B77E83903E007FC7 /* IBDesignableTableView.swift in Sources */ = {isa = PBXBuildFile; fileRef = 814DC2AF319A8688CB64598A /* IBDesignableTableView.swift */; };
		8DEF879AF1D1AD4C4FA80E2D /* FudaCollectionCell.swift in Sources */ = {isa = PBXBuildFile; fileRef = CC905901BD8C6D4A51AF4D82 /* FudaCollectionCell.swift */; };
		912E94D4527D60BCEEE8DEE3 /* Localizable.strings in Resources */ = {isa = PBXBuildFile; fileRef = 8A8E64FDFF538B530B79C765 /* Localizable.strings */; };
		9148C870161E071EA9AA2F4A /* AppUseCase.swift in Sources */ = {isa = PBXBuildFile; fileRef = 28AC58244FF62C93C5754CF8 /* AppUseCase.swift */; };
		925628A853E1CE9A4EC4AFC6 /* MenuVC+UITableDataSource.swift in Sources */ = {isa = PBXBuildFile; fileRef = 64C362C6F989D16BFAC1D9AE /* MenuVC+UITableDataSource.swift */; };
		93A86541BF4943479F1D00AF /* ResultVC.swift in Sources */ = {isa = PBXBuildFile; fileRef = 52C26B450E18192E2D7EA1DE /* ResultVC.swift */; };
		9604FE6A6549C9EB0E9F7F62 /* CreateRoom.storyboard in Resources */ = {isa = PBXBuildFile; fileRef = 3BA68B2CA8D99C69A85F33D3 /* CreateRoom.storyboard */; };
		96D4C63BAAA7205D62804BB6 /* tap_fuda.caf in Resources */ = {isa = PBXBuildFile; fileRef = 8C37DE982DA1AD621F2820D8 /* tap_fuda.caf */; };
		9C44E387BBEC37C46FB6B326 /* Interactable.swift in Sources */ = {isa = PBXBuildFile; fileRef = C8F8027D50F6799DBCD21459 /* Interactable.swift */; };
		A3BEF8F9EE6D001AAD0FA970 /* iTunesPicker.storyboard in Resources */ = {isa = PBXBuildFile; fileRef = FA95F1C8449F741FF89FAEBF /* iTunesPicker.storyboard */; };
		A6BC897E970B1B7E54453493 /* PlaybackMode.swift in Sources */ = {isa = PBXBuildFile; fileRef = 06BB9410204AD43C140F10C6 /* PlaybackMode.swift */; };
		A84D7D007B1F951B5D282EB7 /* UIColor+Ex.swift in Sources */ = {isa = PBXBuildFile; fileRef = F1D36484B77C3734EB221C5C /* UIColor+Ex.swift */; };
		A8812606580DB4ED7B4D2313 /* SelectMusicTableCell.xib in Resources */ = {isa = PBXBuildFile; fileRef = 701890657C84154A9CD5EC7C /* SelectMusicTableCell.xib */; };
		A98C180C8432F85DB02A479D /* PlayVC+UICollectionDelegate.swift in Sources */ = {isa = PBXBuildFile; fileRef = 363F49B250EB2B445E63D7B5 /* PlayVC+UICollectionDelegate.swift */; };
		AA2EB21B4E448DE1C297285E /* FirebaseManager.swift in Sources */ = {isa = PBXBuildFile; fileRef = 43756738F6FAF70C834B704F /* FirebaseManager.swift */; };
		ABEFE15041FEB6FB5CCD9D56 /* MPMediaItemCollection+Ex.swift in Sources */ = {isa = PBXBuildFile; fileRef = 1653A70712A10FC2AC2D9794 /* MPMediaItemCollection+Ex.swift */; };
		AC35154BDC3C8805546EF155 /* TopCoordinator.swift in Sources */ = {isa = PBXBuildFile; fileRef = 15BD2575092859C2131C02DE /* TopCoordinator.swift */; };
		AF46C8CCDEECBCB69B914FE0 /* iTunesPickerVC.swift in Sources */ = {isa = PBXBuildFile; fileRef = D023FF71CECD7EACA288CF2E /* iTunesPickerVC.swift */; };
		B67F50F6B75BF6D0143205E2 /* MPMediaItem+Ex.swift in Sources */ = {isa = PBXBuildFile; fileRef = 6E4494C7918369B998D089CF /* MPMediaItem+Ex.swift */; };
		B7A1855240619925F5A8A2E0 /* Menu.storyboard in Resources */ = {isa = PBXBuildFile; fileRef = E41C4C1BA16BA8DE22C92258 /* Menu.storyboard */; };
		B9E96730C920E9D7D1B3C894 /* Toast in Frameworks */ = {isa = PBXBuildFile; productRef = E25C2A2AD21F27C1C620A856 /* Toast */; };
		C5AC72BAE89AA00EE17EAD11 /* MenuVC+Ex.swift in Sources */ = {isa = PBXBuildFile; fileRef = 8995D4A13EC6D2FCAB3F3899 /* MenuVC+Ex.swift */; };
		C6A76B6456EC8DFA1B34F4E8 /* Colors.xcassets in Resources */ = {isa = PBXBuildFile; fileRef = 910D29969A21ACEBF4B63C71 /* Colors.xcassets */; };
		C887953D8057F50772401066 /* Constants.swift in Sources */ = {isa = PBXBuildFile; fileRef = BAB11338386A46CE00FEFEC6 /* Constants.swift */; };
		CD42E6F8238B621BC8F95989 /* StoryboardLoadable.swift in Sources */ = {isa = PBXBuildFile; fileRef = 3C159BD0FE429C098E865632 /* StoryboardLoadable.swift */; };
		D326F974F7F51878EE056B67 /* ResultVC+UICollectionDataSource.swift in Sources */ = {isa = PBXBuildFile; fileRef = 0D1C3AF5BDA143FBD8FABC1D /* ResultVC+UICollectionDataSource.swift */; };
		D55D4F9BAD47DE753D81AB87 /* EmojiLogger.swift in Sources */ = {isa = PBXBuildFile; fileRef = F8C2DFF7B14383FEE166BE93 /* EmojiLogger.swift */; };
		D84591F45AC4E124FE87AED1 /* ScoreMode.swift in Sources */ = {isa = PBXBuildFile; fileRef = DAB730ACE64AF29B8E4283E1 /* ScoreMode.swift */; };
		D970BB430B6FC174A08DB173 /* TopVC.swift in Sources */ = {isa = PBXBuildFile; fileRef = 8AEB5AC9D023D2CFB9ACBEEC /* TopVC.swift */; };
		DB28C38DCCF0C853681FE6B9 /* ColorsGen.swift in Sources */ = {isa = PBXBuildFile; fileRef = A438B744179B8ABB1605B29E /* ColorsGen.swift */; };
		DCC4DDD547FCFE82B0AB9A62 /* PlayVC.swift in Sources */ = {isa = PBXBuildFile; fileRef = B2D0470BC9A794CE7A4199F9 /* PlayVC.swift */; };
		E041C6C318D3370DC0AB3552 /* SceneDelegate.swift in Sources */ = {isa = PBXBuildFile; fileRef = 9EACD3618540AB00168C905F /* SceneDelegate.swift */; };
		E138D6C6604498ED0CDC5D3A /* PresetList.swift in Sources */ = {isa = PBXBuildFile; fileRef = 25D9F5FD964D2361280086CD /* PresetList.swift */; };
		E2F18338D691105AEA242DAF /* Top.storyboard in Resources */ = {isa = PBXBuildFile; fileRef = 68EC6961D9C1EDA88EDE3979 /* Top.storyboard */; };
		E3B098EA5C07AF7F4E8BD68D /* Injectable.swift in Sources */ = {isa = PBXBuildFile; fileRef = 918BFB04DD1DF5EABFA50975 /* Injectable.swift */; };
		E7C6C424E1EBF7D953DF924A /* Bindable.swift in Sources */ = {isa = PBXBuildFile; fileRef = 669898F5F5175B14085F9965 /* Bindable.swift */; };
		E8703C214D3EDA1074607A0C /* Otofuda_iOSTests.swift in Sources */ = {isa = PBXBuildFile; fileRef = 490CB69232C786ADFE612B1A /* Otofuda_iOSTests.swift */; };
		EC4A2AD40726F8E7B1A23316 /* MusicList.swift in Sources */ = {isa = PBXBuildFile; fileRef = 553829C23AB823EC52973548 /* MusicList.swift */; };
		EFE10A45A134635592CD273B /* UsingMusicMode.swift in Sources */ = {isa = PBXBuildFile; fileRef = F51236525A001898D00B5FAD /* UsingMusicMode.swift */; };
		F37D01FB22BB24FD8C96073C /* RequestEntity.swift in Sources */ = {isa = PBXBuildFile; fileRef = 39EAFCFC7CD52696D2371332 /* RequestEntity.swift */; };
		F39C1B0626CD7E57004AC13A /* FirebaseDatabase in Frameworks */ = {isa = PBXBuildFile; productRef = F39C1B0526CD7E57004AC13A /* FirebaseDatabase */; };
		F612985553F1B901653FCC82 /* Music.swift in Sources */ = {isa = PBXBuildFile; fileRef = 8C3B5D9C0B0E45D345662146 /* Music.swift */; };
		FA5A38746E15C0799CAF7585 /* PresetViewModel.swift in Sources */ = {isa = PBXBuildFile; fileRef = A3F3235656492641432C308E /* PresetViewModel.swift */; };
		FB094484FA10577BDF162E9D /* MenuVC+MPMediaPickerDelegate.swift in Sources */ = {isa = PBXBuildFile; fileRef = DD9F123542EC9757568BCFCD /* MenuVC+MPMediaPickerDelegate.swift */; };
		FB91AA81C822125F0E6CA0D4 /* SwiftyJSON in Frameworks */ = {isa = PBXBuildFile; productRef = BD2F0FAC5368F9C219DA3415 /* SwiftyJSON */; };
		FBB291603934886E0EDCF827 /* UITable+Ex.swift in Sources */ = {isa = PBXBuildFile; fileRef = E5D71A45CF02A8C11E1CF9C5 /* UITable+Ex.swift */; };
		FC9C78F0928E30E9709450B9 /* AlamofireImage in Frameworks */ = {isa = PBXBuildFile; productRef = C05AB98E931CE5169E6A2BFB /* AlamofireImage */; };
		FE71E694C96D2B85A2AEEE6B /* iTunesApi.swift in Sources */ = {isa = PBXBuildFile; fileRef = 769F93D222573E74FB16A36B /* iTunesApi.swift */; };
		FE97027F3CF55A3206E74EF6 /* SearchGroup.storyboard in Resources */ = {isa = PBXBuildFile; fileRef = 7642A2DC3940137C07C277E0 /* SearchGroup.storyboard */; };
		FF412444A339751D8B95B832 /* IBDesignableButton.swift in Sources */ = {isa = PBXBuildFile; fileRef = 6F17DF48BF0D2597D434AB78 /* IBDesignableButton.swift */; };
/* End PBXBuildFile section */

/* Begin PBXContainerItemProxy section */
		687FCCEB9961CDABA63F09CF /* PBXContainerItemProxy */ = {
			isa = PBXContainerItemProxy;
			containerPortal = 458EED08544D9EA0B421E013 /* Project object */;
			proxyType = 1;
			remoteGlobalIDString = 443DB2608CA7EFD56BD68C71;
			remoteInfo = "Otofuda-iOS";
		};
		82C40486FD8615AA9FF8BCC7 /* PBXContainerItemProxy */ = {
			isa = PBXContainerItemProxy;
			containerPortal = 458EED08544D9EA0B421E013 /* Project object */;
			proxyType = 1;
			remoteGlobalIDString = 443DB2608CA7EFD56BD68C71;
			remoteInfo = "Otofuda-iOS";
		};
/* End PBXContainerItemProxy section */

/* Begin PBXFileReference section */
		01527C05FA311A357659649E /* Collection+Ex.swift */ = {isa = PBXFileReference; lastKnownFileType = sourcecode.swift; path = "Collection+Ex.swift"; sourceTree = "<group>"; };
		032D53C98EBD8B6DC0EC0C17 /* SearchResultCell.swift */ = {isa = PBXFileReference; lastKnownFileType = sourcecode.swift; path = SearchResultCell.swift; sourceTree = "<group>"; };
		06BB9410204AD43C140F10C6 /* PlaybackMode.swift */ = {isa = PBXFileReference; lastKnownFileType = sourcecode.swift; path = PlaybackMode.swift; sourceTree = "<group>"; };
		06C9B9C4E07A89E1AAEE8BF3 /* AppleMusicTopRssResponse.swift */ = {isa = PBXFileReference; lastKnownFileType = sourcecode.swift; path = AppleMusicTopRssResponse.swift; sourceTree = "<group>"; };
		0825AF99214B63C0623CA237 /* UICollection+Ex.swift */ = {isa = PBXFileReference; lastKnownFileType = sourcecode.swift; path = "UICollection+Ex.swift"; sourceTree = "<group>"; };
		0D1C3AF5BDA143FBD8FABC1D /* ResultVC+UICollectionDataSource.swift */ = {isa = PBXFileReference; lastKnownFileType = sourcecode.swift; path = "ResultVC+UICollectionDataSource.swift"; sourceTree = "<group>"; };
		10D767A5862C8FD3CA1EB861 /* ja */ = {isa = PBXFileReference; lastKnownFileType = text.plist.strings; name = ja; path = ja.lproj/Localizable.strings; sourceTree = "<group>"; };
		1493713EF651FE3113879952 /* CIImage+Ex.swift */ = {isa = PBXFileReference; lastKnownFileType = sourcecode.swift; path = "CIImage+Ex.swift"; sourceTree = "<group>"; };
		15BD2575092859C2131C02DE /* TopCoordinator.swift */ = {isa = PBXFileReference; lastKnownFileType = sourcecode.swift; path = TopCoordinator.swift; sourceTree = "<group>"; };
		15E16E7014D4B815215AE943 /* PlayVC+Ex.swift */ = {isa = PBXFileReference; lastKnownFileType = sourcecode.swift; path = "PlayVC+Ex.swift"; sourceTree = "<group>"; };
		1653A70712A10FC2AC2D9794 /* MPMediaItemCollection+Ex.swift */ = {isa = PBXFileReference; lastKnownFileType = sourcecode.swift; path = "MPMediaItemCollection+Ex.swift"; sourceTree = "<group>"; };
		1B8543765A125A12C173A65D /* SelectMusicTableCell.swift */ = {isa = PBXFileReference; lastKnownFileType = sourcecode.swift; path = SelectMusicTableCell.swift; sourceTree = "<group>"; };
		1D6C9ECF7892808C4FE34C4C /* ResultTableCell.xib */ = {isa = PBXFileReference; lastKnownFileType = file.xib; path = ResultTableCell.xib; sourceTree = "<group>"; };
		1E6267D69528E861E98A34E3 /* ApiClient.swift */ = {isa = PBXFileReference; lastKnownFileType = sourcecode.swift; path = ApiClient.swift; sourceTree = "<group>"; };
		200ABBE8CA5AA174307A2083 /* PresetsResponse.swift */ = {isa = PBXFileReference; lastKnownFileType = sourcecode.swift; path = PresetsResponse.swift; sourceTree = "<group>"; };
		22841ED4131A856361C36185 /* Images.xcassets */ = {isa = PBXFileReference; lastKnownFileType = folder.assetcatalog; path = Images.xcassets; sourceTree = "<group>"; };
		25D9F5FD964D2361280086CD /* PresetList.swift */ = {isa = PBXFileReference; lastKnownFileType = sourcecode.swift; path = PresetList.swift; sourceTree = "<group>"; };
		28AC58244FF62C93C5754CF8 /* AppUseCase.swift */ = {isa = PBXFileReference; lastKnownFileType = sourcecode.swift; path = AppUseCase.swift; sourceTree = "<group>"; };
		28D984F09EF6F36B83FAC708 /* PresetUseCase.swift */ = {isa = PBXFileReference; lastKnownFileType = sourcecode.swift; path = PresetUseCase.swift; sourceTree = "<group>"; };
		2D7321ECA141F838663ABDFE /* IBDesignableSegumentControl.swift */ = {isa = PBXFileReference; lastKnownFileType = sourcecode.swift; path = IBDesignableSegumentControl.swift; sourceTree = "<group>"; };
		3229FFBD535AC9C0D07BE8DA /* Environment.swift */ = {isa = PBXFileReference; lastKnownFileType = sourcecode.swift; path = Environment.swift; sourceTree = "<group>"; };
		350C70C0286AF794447E7CC0 /* FudaCollectionCell.xib */ = {isa = PBXFileReference; lastKnownFileType = file.xib; path = FudaCollectionCell.xib; sourceTree = "<group>"; };
		363BCC2BA4B1275DB3A8E82D /* Room.swift */ = {isa = PBXFileReference; lastKnownFileType = sourcecode.swift; path = Room.swift; sourceTree = "<group>"; };
		363F49B250EB2B445E63D7B5 /* PlayVC+UICollectionDelegate.swift */ = {isa = PBXFileReference; lastKnownFileType = sourcecode.swift; path = "PlayVC+UICollectionDelegate.swift"; sourceTree = "<group>"; };
		39EAFCFC7CD52696D2371332 /* RequestEntity.swift */ = {isa = PBXFileReference; lastKnownFileType = sourcecode.swift; path = RequestEntity.swift; sourceTree = "<group>"; };
		3BA68B2CA8D99C69A85F33D3 /* CreateRoom.storyboard */ = {isa = PBXFileReference; lastKnownFileType = file.storyboard; path = CreateRoom.storyboard; sourceTree = "<group>"; };
		3C159BD0FE429C098E865632 /* StoryboardLoadable.swift */ = {isa = PBXFileReference; lastKnownFileType = sourcecode.swift; path = StoryboardLoadable.swift; sourceTree = "<group>"; };
		3CEE87BD6DF012B7FC457D49 /* Otofuda-iOSTests.xctest */ = {isa = PBXFileReference; includeInIndex = 0; lastKnownFileType = wrapper.cfbundle; path = "Otofuda-iOSTests.xctest"; sourceTree = BUILT_PRODUCTS_DIR; };
		3E454F5A303FACA80C8AC57B /* Info.plist */ = {isa = PBXFileReference; lastKnownFileType = text.plist; path = Info.plist; sourceTree = "<group>"; };
		3EABD59D79535D4DD20F58C3 /* SearchResultCell.xib */ = {isa = PBXFileReference; lastKnownFileType = file.xib; path = SearchResultCell.xib; sourceTree = "<group>"; };
		3F2CA6F4517AB879E2A08058 /* Coordinator.swift */ = {isa = PBXFileReference; lastKnownFileType = sourcecode.swift; path = Coordinator.swift; sourceTree = "<group>"; };
		41760B69C7B95CC8CFCA23C4 /* Urls.swift */ = {isa = PBXFileReference; lastKnownFileType = sourcecode.swift; path = Urls.swift; sourceTree = "<group>"; };
		43756738F6FAF70C834B704F /* FirebaseManager.swift */ = {isa = PBXFileReference; lastKnownFileType = sourcecode.swift; path = FirebaseManager.swift; sourceTree = "<group>"; };
		484EC663DEA2A5A3C6145C8B /* NSObject+Ex.swift */ = {isa = PBXFileReference; lastKnownFileType = sourcecode.swift; path = "NSObject+Ex.swift"; sourceTree = "<group>"; };
		48BB4C2861C908CB7C8B923F /* PlayVC+UICollectionDataSource.swift */ = {isa = PBXFileReference; lastKnownFileType = sourcecode.swift; path = "PlayVC+UICollectionDataSource.swift"; sourceTree = "<group>"; };
		490CB69232C786ADFE612B1A /* Otofuda_iOSTests.swift */ = {isa = PBXFileReference; lastKnownFileType = sourcecode.swift; path = Otofuda_iOSTests.swift; sourceTree = "<group>"; };
		495347AEB60D79E4A75D9DEE /* String+Ex.swift */ = {isa = PBXFileReference; lastKnownFileType = sourcecode.swift; path = "String+Ex.swift"; sourceTree = "<group>"; };
		4FBB898AA99B50D09DCE8D87 /* ColorList.swift */ = {isa = PBXFileReference; lastKnownFileType = sourcecode.swift; path = ColorList.swift; sourceTree = "<group>"; };
		52C26B450E18192E2D7EA1DE /* ResultVC.swift */ = {isa = PBXFileReference; lastKnownFileType = sourcecode.swift; path = ResultVC.swift; sourceTree = "<group>"; };
		553829C23AB823EC52973548 /* MusicList.swift */ = {isa = PBXFileReference; lastKnownFileType = sourcecode.swift; path = MusicList.swift; sourceTree = "<group>"; };
		5B391B1F01F3815D13242C37 /* TopVM.swift */ = {isa = PBXFileReference; lastKnownFileType = sourcecode.swift; path = TopVM.swift; sourceTree = "<group>"; };
		5F36D93759088B08CBA15FC6 /* GoogleService-Info.plist */ = {isa = PBXFileReference; lastKnownFileType = text.plist; path = "GoogleService-Info.plist"; sourceTree = "<group>"; };
		64C362C6F989D16BFAC1D9AE /* MenuVC+UITableDataSource.swift */ = {isa = PBXFileReference; lastKnownFileType = sourcecode.swift; path = "MenuVC+UITableDataSource.swift"; sourceTree = "<group>"; };
		6694F4A70694CDEE3A9428BA /* ResponseEntity.swift */ = {isa = PBXFileReference; lastKnownFileType = sourcecode.swift; path = ResponseEntity.swift; sourceTree = "<group>"; };
		669898F5F5175B14085F9965 /* Bindable.swift */ = {isa = PBXFileReference; lastKnownFileType = sourcecode.swift; path = Bindable.swift; sourceTree = "<group>"; };
		68EC6961D9C1EDA88EDE3979 /* Top.storyboard */ = {isa = PBXFileReference; lastKnownFileType = file.storyboard; path = Top.storyboard; sourceTree = "<group>"; };
		6CC706CAC0C14483AFB34423 /* MenuVC.swift */ = {isa = PBXFileReference; lastKnownFileType = sourcecode.swift; path = MenuVC.swift; sourceTree = "<group>"; };
		6E4494C7918369B998D089CF /* MPMediaItem+Ex.swift */ = {isa = PBXFileReference; lastKnownFileType = sourcecode.swift; path = "MPMediaItem+Ex.swift"; sourceTree = "<group>"; };
		6F17DF48BF0D2597D434AB78 /* IBDesignableButton.swift */ = {isa = PBXFileReference; lastKnownFileType = sourcecode.swift; path = IBDesignableButton.swift; sourceTree = "<group>"; };
		701890657C84154A9CD5EC7C /* SelectMusicTableCell.xib */ = {isa = PBXFileReference; lastKnownFileType = file.xib; path = SelectMusicTableCell.xib; sourceTree = "<group>"; };
		742F335AC8F2B600971DF16B /* CreateRoomVC.swift */ = {isa = PBXFileReference; lastKnownFileType = sourcecode.swift; path = CreateRoomVC.swift; sourceTree = "<group>"; };
		7642A2DC3940137C07C277E0 /* SearchGroup.storyboard */ = {isa = PBXFileReference; lastKnownFileType = file.storyboard; path = SearchGroup.storyboard; sourceTree = "<group>"; };
		769F93D222573E74FB16A36B /* iTunesApi.swift */ = {isa = PBXFileReference; lastKnownFileType = sourcecode.swift; path = iTunesApi.swift; sourceTree = "<group>"; };
		76BCE9D924BD5089B4BD3A47 /* FontsGen.swift */ = {isa = PBXFileReference; lastKnownFileType = sourcecode.swift; path = FontsGen.swift; sourceTree = "<group>"; };
		772FF01A44AC36090E8A5688 /* MenuVC+UITableDelegate.swift */ = {isa = PBXFileReference; lastKnownFileType = sourcecode.swift; path = "MenuVC+UITableDelegate.swift"; sourceTree = "<group>"; };
		79E18C4E3A46C05F553CDDA3 /* Preset.swift */ = {isa = PBXFileReference; lastKnownFileType = sourcecode.swift; path = Preset.swift; sourceTree = "<group>"; };
		7B0A8D17B73B858180A414D9 /* Result.storyboard */ = {isa = PBXFileReference; lastKnownFileType = file.storyboard; path = Result.storyboard; sourceTree = "<group>"; };
		7D1082FB431DA7DDA99A0808 /* PresetResponse.swift */ = {isa = PBXFileReference; lastKnownFileType = sourcecode.swift; path = PresetResponse.swift; sourceTree = "<group>"; };
		7D92608850470B48FB6BA1CC /* CardCountMode.swift */ = {isa = PBXFileReference; lastKnownFileType = sourcecode.swift; path = CardCountMode.swift; sourceTree = "<group>"; };
		7F27FFE0F863F9A65376907E /* MPMediaPlayer+Ex.swift */ = {isa = PBXFileReference; lastKnownFileType = sourcecode.swift; path = "MPMediaPlayer+Ex.swift"; sourceTree = "<group>"; };
		814DC2AF319A8688CB64598A /* IBDesignableTableView.swift */ = {isa = PBXFileReference; lastKnownFileType = sourcecode.swift; path = IBDesignableTableView.swift; sourceTree = "<group>"; };
		8460838B54B8ADF7424F9D15 /* Info.plist */ = {isa = PBXFileReference; lastKnownFileType = text.plist; path = Info.plist; sourceTree = "<group>"; };
		8995D4A13EC6D2FCAB3F3899 /* MenuVC+Ex.swift */ = {isa = PBXFileReference; lastKnownFileType = sourcecode.swift; path = "MenuVC+Ex.swift"; sourceTree = "<group>"; };
		8AEB5AC9D023D2CFB9ACBEEC /* TopVC.swift */ = {isa = PBXFileReference; lastKnownFileType = sourcecode.swift; path = TopVC.swift; sourceTree = "<group>"; };
		8B5E746F6B2F091B9D8E27CC /* ViewModel.swift */ = {isa = PBXFileReference; lastKnownFileType = sourcecode.swift; path = ViewModel.swift; sourceTree = "<group>"; };
		8C37DE982DA1AD621F2820D8 /* tap_fuda.caf */ = {isa = PBXFileReference; lastKnownFileType = file; path = tap_fuda.caf; sourceTree = "<group>"; };
		8C3B5D9C0B0E45D345662146 /* Music.swift */ = {isa = PBXFileReference; lastKnownFileType = sourcecode.swift; path = Music.swift; sourceTree = "<group>"; };
		910D29969A21ACEBF4B63C71 /* Colors.xcassets */ = {isa = PBXFileReference; lastKnownFileType = folder.assetcatalog; path = Colors.xcassets; sourceTree = "<group>"; };
		918BFB04DD1DF5EABFA50975 /* Injectable.swift */ = {isa = PBXFileReference; lastKnownFileType = sourcecode.swift; path = Injectable.swift; sourceTree = "<group>"; };
		93A11B5A08DE1569CB41663C /* AppDelegate.swift */ = {isa = PBXFileReference; lastKnownFileType = sourcecode.swift; path = AppDelegate.swift; sourceTree = "<group>"; };
		98BD6C9FEC50CF910A541740 /* Date+Ex.swift */ = {isa = PBXFileReference; lastKnownFileType = sourcecode.swift; path = "Date+Ex.swift"; sourceTree = "<group>"; };
		9EACD3618540AB00168C905F /* SceneDelegate.swift */ = {isa = PBXFileReference; lastKnownFileType = sourcecode.swift; path = SceneDelegate.swift; sourceTree = "<group>"; };
		9F942A7B2FBB86AA506D130D /* PlayVC+UICollectionLayout.swift */ = {isa = PBXFileReference; lastKnownFileType = sourcecode.swift; path = "PlayVC+UICollectionLayout.swift"; sourceTree = "<group>"; };
		9FAEC62892C313B1F15084CF /* ResultVC+Ex.swift */ = {isa = PBXFileReference; lastKnownFileType = sourcecode.swift; path = "ResultVC+Ex.swift"; sourceTree = "<group>"; };
		A3F3235656492641432C308E /* PresetViewModel.swift */ = {isa = PBXFileReference; lastKnownFileType = sourcecode.swift; path = PresetViewModel.swift; sourceTree = "<group>"; };
		A438B744179B8ABB1605B29E /* ColorsGen.swift */ = {isa = PBXFileReference; lastKnownFileType = sourcecode.swift; path = ColorsGen.swift; sourceTree = "<group>"; };
		A56B0FF4E7BC9CB3C05292B4 /* IBDesignableView.swift */ = {isa = PBXFileReference; lastKnownFileType = sourcecode.swift; path = IBDesignableView.swift; sourceTree = "<group>"; };
		B2D0470BC9A794CE7A4199F9 /* PlayVC.swift */ = {isa = PBXFileReference; lastKnownFileType = sourcecode.swift; path = PlayVC.swift; sourceTree = "<group>"; };
		B4D5A65974EF6C8E88E60043 /* UserRepository.swift */ = {isa = PBXFileReference; lastKnownFileType = sourcecode.swift; path = UserRepository.swift; sourceTree = "<group>"; };
		B573E968410D8B03243C3CF8 /* AppCoordinator.swift */ = {isa = PBXFileReference; lastKnownFileType = sourcecode.swift; path = AppCoordinator.swift; sourceTree = "<group>"; };
		B8A8256FEE14A73EC37D7DD1 /* Otofuda-iOS.app */ = {isa = PBXFileReference; explicitFileType = wrapper.application; includeInIndex = 0; path = "Otofuda-iOS.app"; sourceTree = BUILT_PRODUCTS_DIR; };
		BAB11338386A46CE00FEFEC6 /* Constants.swift */ = {isa = PBXFileReference; lastKnownFileType = sourcecode.swift; path = Constants.swift; sourceTree = "<group>"; };
		C8F8027D50F6799DBCD21459 /* Interactable.swift */ = {isa = PBXFileReference; lastKnownFileType = sourcecode.swift; path = Interactable.swift; sourceTree = "<group>"; };
		CA8FBC3DC3F614A66290E839 /* Otofuda-iOSUITests.xctest */ = {isa = PBXFileReference; includeInIndex = 0; lastKnownFileType = wrapper.cfbundle; path = "Otofuda-iOSUITests.xctest"; sourceTree = BUILT_PRODUCTS_DIR; };
		CC905901BD8C6D4A51AF4D82 /* FudaCollectionCell.swift */ = {isa = PBXFileReference; lastKnownFileType = sourcecode.swift; path = FudaCollectionCell.swift; sourceTree = "<group>"; };
		CCE4AC2E7FD016F3C4BB6E68 /* ResultVC+UICollectionDelegate.swift */ = {isa = PBXFileReference; lastKnownFileType = sourcecode.swift; path = "ResultVC+UICollectionDelegate.swift"; sourceTree = "<group>"; };
		D023FF71CECD7EACA288CF2E /* iTunesPickerVC.swift */ = {isa = PBXFileReference; lastKnownFileType = sourcecode.swift; path = iTunesPickerVC.swift; sourceTree = "<group>"; };
		D1267DD9FB955B0B254155AD /* TopView.swift */ = {isa = PBXFileReference; lastKnownFileType = sourcecode.swift; path = TopView.swift; sourceTree = "<group>"; };
		D4E82F3B0D86F8EB123A1FDB /* en */ = {isa = PBXFileReference; lastKnownFileType = text.plist.strings; name = en; path = en.lproj/Localizable.strings; sourceTree = "<group>"; };
		DAB730ACE64AF29B8E4283E1 /* ScoreMode.swift */ = {isa = PBXFileReference; lastKnownFileType = sourcecode.swift; path = ScoreMode.swift; sourceTree = "<group>"; };
		DB2D001001C6D025DE1A27BC /* SearchGroupVC.swift */ = {isa = PBXFileReference; lastKnownFileType = sourcecode.swift; path = SearchGroupVC.swift; sourceTree = "<group>"; };
		DD9F123542EC9757568BCFCD /* MenuVC+MPMediaPickerDelegate.swift */ = {isa = PBXFileReference; lastKnownFileType = sourcecode.swift; path = "MenuVC+MPMediaPickerDelegate.swift"; sourceTree = "<group>"; };
		E41C4C1BA16BA8DE22C92258 /* Menu.storyboard */ = {isa = PBXFileReference; lastKnownFileType = file.storyboard; path = Menu.storyboard; sourceTree = "<group>"; };
		E5D71A45CF02A8C11E1CF9C5 /* UITable+Ex.swift */ = {isa = PBXFileReference; lastKnownFileType = sourcecode.swift; path = "UITable+Ex.swift"; sourceTree = "<group>"; };
		EA54F5D8F4649A1FE041834F /* CreateRoomVM.swift */ = {isa = PBXFileReference; lastKnownFileType = sourcecode.swift; path = CreateRoomVM.swift; sourceTree = "<group>"; };
		EBC0193C855C8C7F7E494A3F /* Play.storyboard */ = {isa = PBXFileReference; lastKnownFileType = file.storyboard; path = Play.storyboard; sourceTree = "<group>"; };
		EEFE926F2CA5CFE30351C98D /* Otofuda_iOSUITests.swift */ = {isa = PBXFileReference; lastKnownFileType = sourcecode.swift; path = Otofuda_iOSUITests.swift; sourceTree = "<group>"; };
		F1D36484B77C3734EB221C5C /* UIColor+Ex.swift */ = {isa = PBXFileReference; lastKnownFileType = sourcecode.swift; path = "UIColor+Ex.swift"; sourceTree = "<group>"; };
		F3B54860E7D9803FE76E6FA5 /* User.swift */ = {isa = PBXFileReference; lastKnownFileType = sourcecode.swift; path = User.swift; sourceTree = "<group>"; };
		F51236525A001898D00B5FAD /* UsingMusicMode.swift */ = {isa = PBXFileReference; lastKnownFileType = sourcecode.swift; path = UsingMusicMode.swift; sourceTree = "<group>"; };
		F756FC4D0634C9116417AE92 /* CreateGroupCoordinator.swift */ = {isa = PBXFileReference; lastKnownFileType = sourcecode.swift; path = CreateGroupCoordinator.swift; sourceTree = "<group>"; };
		F8C2DFF7B14383FEE166BE93 /* EmojiLogger.swift */ = {isa = PBXFileReference; lastKnownFileType = sourcecode.swift; path = EmojiLogger.swift; sourceTree = "<group>"; };
		FA4C6E7C3008AF5A16F2B43E /* ResultTableCell.swift */ = {isa = PBXFileReference; lastKnownFileType = sourcecode.swift; path = ResultTableCell.swift; sourceTree = "<group>"; };
		FA95F1C8449F741FF89FAEBF /* iTunesPicker.storyboard */ = {isa = PBXFileReference; lastKnownFileType = file.storyboard; path = iTunesPicker.storyboard; sourceTree = "<group>"; };
		FCED8ECA609E4FCECF61098B /* StringsGen.swift */ = {isa = PBXFileReference; lastKnownFileType = sourcecode.swift; path = StringsGen.swift; sourceTree = "<group>"; };
		FEADB6297650CEECBB662DB2 /* Info.plist */ = {isa = PBXFileReference; lastKnownFileType = text.plist; path = Info.plist; sourceTree = "<group>"; };
		FF2EE17C9546B27098F42BDC /* Splash.storyboard */ = {isa = PBXFileReference; lastKnownFileType = file.storyboard; path = Splash.storyboard; sourceTree = "<group>"; };
/* End PBXFileReference section */

/* Begin PBXFrameworksBuildPhase section */
		9099CE09D934269528D0E87C /* Frameworks */ = {
			isa = PBXFrameworksBuildPhase;
			buildActionMask = 2147483647;
			files = (
				B9E96730C920E9D7D1B3C894 /* Toast in Frameworks */,
				32E0F8F35DB49DFCFC447C3E /* Alamofire in Frameworks */,
				FC9C78F0928E30E9709450B9 /* AlamofireImage in Frameworks */,
				0B0F6103589B2D74596B7A0C /* PromiseKit in Frameworks */,
				FB91AA81C822125F0E6CA0D4 /* SwiftyJSON in Frameworks */,
				1493435314BC56BE4BA3022B /* RxSwift in Frameworks */,
				F39C1B0626CD7E57004AC13A /* FirebaseDatabase in Frameworks */,
				767ACFBA423F9BA4F1D62072 /* CombineCocoa in Frameworks */,
			);
			runOnlyForDeploymentPostprocessing = 0;
		};
/* End PBXFrameworksBuildPhase section */

/* Begin PBXGroup section */
		090DEB1C0D3D1AE4D9DA0B12 /* Products */ = {
			isa = PBXGroup;
			children = (
				B8A8256FEE14A73EC37D7DD1 /* Otofuda-iOS.app */,
				3CEE87BD6DF012B7FC457D49 /* Otofuda-iOSTests.xctest */,
				CA8FBC3DC3F614A66290E839 /* Otofuda-iOSUITests.xctest */,
			);
			name = Products;
			sourceTree = "<group>";
		};
		17567F40EB43099FD7C8031B /* SearchGroup */ = {
			isa = PBXGroup;
			children = (
				7642A2DC3940137C07C277E0 /* SearchGroup.storyboard */,
				DB2D001001C6D025DE1A27BC /* SearchGroupVC.swift */,
			);
			path = SearchGroup;
			sourceTree = "<group>";
		};
		1E295116BA5BB557044081E5 /* Domain */ = {
			isa = PBXGroup;
			children = (
				B4D5A65974EF6C8E88E60043 /* UserRepository.swift */,
			);
			path = Domain;
			sourceTree = "<group>";
		};
		25ED328E6BE890132F426887 /* Result */ = {
			isa = PBXGroup;
			children = (
				7B0A8D17B73B858180A414D9 /* Result.storyboard */,
				FA4C6E7C3008AF5A16F2B43E /* ResultTableCell.swift */,
				1D6C9ECF7892808C4FE34C4C /* ResultTableCell.xib */,
				52C26B450E18192E2D7EA1DE /* ResultVC.swift */,
				9FAEC62892C313B1F15084CF /* ResultVC+Ex.swift */,
				0D1C3AF5BDA143FBD8FABC1D /* ResultVC+UICollectionDataSource.swift */,
				CCE4AC2E7FD016F3C4BB6E68 /* ResultVC+UICollectionDelegate.swift */,
			);
			path = Result;
			sourceTree = "<group>";
		};
		2B733683F3227A3D51B6103C /* SwiftUI */ = {
			isa = PBXGroup;
			children = (
				D1267DD9FB955B0B254155AD /* TopView.swift */,
			);
			path = SwiftUI;
			sourceTree = "<group>";
		};
		2CB859712D638E5F963F0350 /* ViewModel */ = {
			isa = PBXGroup;
			children = (
				A3F3235656492641432C308E /* PresetViewModel.swift */,
			);
			path = ViewModel;
			sourceTree = "<group>";
		};
		33E59C3097D860B4A1084255 /* Sounds */ = {
			isa = PBXGroup;
			children = (
				8C37DE982DA1AD621F2820D8 /* tap_fuda.caf */,
			);
			path = Sounds;
			sourceTree = "<group>";
		};
		36CE0FE478BEF35477CBC5CB /* Play */ = {
			isa = PBXGroup;
			children = (
				CC905901BD8C6D4A51AF4D82 /* FudaCollectionCell.swift */,
				350C70C0286AF794447E7CC0 /* FudaCollectionCell.xib */,
				EBC0193C855C8C7F7E494A3F /* Play.storyboard */,
				B2D0470BC9A794CE7A4199F9 /* PlayVC.swift */,
				15E16E7014D4B815215AE943 /* PlayVC+Ex.swift */,
				48BB4C2861C908CB7C8B923F /* PlayVC+UICollectionDataSource.swift */,
				363F49B250EB2B445E63D7B5 /* PlayVC+UICollectionDelegate.swift */,
				9F942A7B2FBB86AA506D130D /* PlayVC+UICollectionLayout.swift */,
			);
			path = Play;
			sourceTree = "<group>";
		};
		3AE2C84BADD3D860AADCD958 /* Models */ = {
			isa = PBXGroup;
			children = (
				7D92608850470B48FB6BA1CC /* CardCountMode.swift */,
				8C3B5D9C0B0E45D345662146 /* Music.swift */,
				06BB9410204AD43C140F10C6 /* PlaybackMode.swift */,
				363BCC2BA4B1275DB3A8E82D /* Room.swift */,
				DAB730ACE64AF29B8E4283E1 /* ScoreMode.swift */,
				F3B54860E7D9803FE76E6FA5 /* User.swift */,
				F51236525A001898D00B5FAD /* UsingMusicMode.swift */,
			);
			path = Models;
			sourceTree = "<group>";
		};
		3CC548F0288922925B5BD3CA /* Top */ = {
			isa = PBXGroup;
			children = (
				68EC6961D9C1EDA88EDE3979 /* Top.storyboard */,
				8AEB5AC9D023D2CFB9ACBEEC /* TopVC.swift */,
				5B391B1F01F3815D13242C37 /* TopVM.swift */,
			);
			path = Top;
			sourceTree = "<group>";
		};
		3D57411AD4AA50B005A8200D /* Coordinator */ = {
			isa = PBXGroup;
			children = (
				B573E968410D8B03243C3CF8 /* AppCoordinator.swift */,
				F756FC4D0634C9116417AE92 /* CreateGroupCoordinator.swift */,
				15BD2575092859C2131C02DE /* TopCoordinator.swift */,
			);
			path = Coordinator;
			sourceTree = "<group>";
		};
		3DE4862A72A4036F057DAD9B /* Menu */ = {
			isa = PBXGroup;
			children = (
				FA95F1C8449F741FF89FAEBF /* iTunesPicker.storyboard */,
				E41C4C1BA16BA8DE22C92258 /* Menu.storyboard */,
				6CC706CAC0C14483AFB34423 /* MenuVC.swift */,
				8995D4A13EC6D2FCAB3F3899 /* MenuVC+Ex.swift */,
				DD9F123542EC9757568BCFCD /* MenuVC+MPMediaPickerDelegate.swift */,
				64C362C6F989D16BFAC1D9AE /* MenuVC+UITableDataSource.swift */,
				772FF01A44AC36090E8A5688 /* MenuVC+UITableDelegate.swift */,
				3EABD59D79535D4DD20F58C3 /* SearchResultCell.xib */,
				1B8543765A125A12C173A65D /* SelectMusicTableCell.swift */,
				701890657C84154A9CD5EC7C /* SelectMusicTableCell.xib */,
				F68E1139B08EACB33C6416CD /* iTunesPicker */,
			);
			path = Menu;
			sourceTree = "<group>";
		};
		43F42CF9F08655563A7B4875 /* CreateGroup */ = {
			isa = PBXGroup;
			children = (
				3BA68B2CA8D99C69A85F33D3 /* CreateRoom.storyboard */,
				742F335AC8F2B600971DF16B /* CreateRoomVC.swift */,
				EA54F5D8F4649A1FE041834F /* CreateRoomVM.swift */,
			);
			path = CreateGroup;
			sourceTree = "<group>";
		};
		4A47A4461C21E6F906A7B5CF /* Utility */ = {
			isa = PBXGroup;
			children = (
				43756738F6FAF70C834B704F /* FirebaseManager.swift */,
				63DA2DE19C1625B640EBA9EC /* Api */,
				D3B2A38B9F64309F9674E0D7 /* Extensions */,
				3AE2C84BADD3D860AADCD958 /* Models */,
			);
			path = Utility;
			sourceTree = "<group>";
		};
		4B40061BECDD890EFA7592D5 /* ViewController */ = {
			isa = PBXGroup;
			children = (
				43F42CF9F08655563A7B4875 /* CreateGroup */,
				3DE4862A72A4036F057DAD9B /* Menu */,
				36CE0FE478BEF35477CBC5CB /* Play */,
				25ED328E6BE890132F426887 /* Result */,
				17567F40EB43099FD7C8031B /* SearchGroup */,
				D13B09C7C8F7DF61E12FC426 /* Splash */,
				3CC548F0288922925B5BD3CA /* Top */,
			);
			path = ViewController;
			sourceTree = "<group>";
		};
		58D7034DCA2B34B5693CB360 /* Strings */ = {
			isa = PBXGroup;
			children = (
				8A8E64FDFF538B530B79C765 /* Localizable.strings */,
				FCED8ECA609E4FCECF61098B /* StringsGen.swift */,
			);
			path = Strings;
			sourceTree = "<group>";
		};
		5FC886D653311EE2B7A695F7 /* Entity */ = {
			isa = PBXGroup;
			children = (
				06C9B9C4E07A89E1AAEE8BF3 /* AppleMusicTopRssResponse.swift */,
				4FBB898AA99B50D09DCE8D87 /* ColorList.swift */,
				553829C23AB823EC52973548 /* MusicList.swift */,
				79E18C4E3A46C05F553CDDA3 /* Preset.swift */,
				25D9F5FD964D2361280086CD /* PresetList.swift */,
				7D1082FB431DA7DDA99A0808 /* PresetResponse.swift */,
				200ABBE8CA5AA174307A2083 /* PresetsResponse.swift */,
				39EAFCFC7CD52696D2371332 /* RequestEntity.swift */,
				6694F4A70694CDEE3A9428BA /* ResponseEntity.swift */,
			);
			path = Entity;
			sourceTree = "<group>";
		};
		63DA2DE19C1625B640EBA9EC /* Api */ = {
			isa = PBXGroup;
			children = (
				1E6267D69528E861E98A34E3 /* ApiClient.swift */,
				769F93D222573E74FB16A36B /* iTunesApi.swift */,
			);
			path = Api;
			sourceTree = "<group>";
		};
		66BFBDF9039E985770F7D44A /* Commons */ = {
			isa = PBXGroup;
			children = (
				669898F5F5175B14085F9965 /* Bindable.swift */,
				3F2CA6F4517AB879E2A08058 /* Coordinator.swift */,
				F8C2DFF7B14383FEE166BE93 /* EmojiLogger.swift */,
				3229FFBD535AC9C0D07BE8DA /* Environment.swift */,
				918BFB04DD1DF5EABFA50975 /* Injectable.swift */,
				C8F8027D50F6799DBCD21459 /* Interactable.swift */,
				3C159BD0FE429C098E865632 /* StoryboardLoadable.swift */,
				8B5E746F6B2F091B9D8E27CC /* ViewModel.swift */,
			);
			path = Commons;
			sourceTree = "<group>";
		};
		763D720AD4CE6D14DC23B041 /* Otofuda-iOS */ = {
			isa = PBXGroup;
			children = (
				8B9AC77E4F77873A5979A440 /* Resource */,
				FA61E90A04CBC390166A368B /* Source */,
			);
			path = "Otofuda-iOS";
			sourceTree = "<group>";
		};
		873AB3648E3A484BE11BEAE1 /* Colors */ = {
			isa = PBXGroup;
			children = (
				910D29969A21ACEBF4B63C71 /* Colors.xcassets */,
				A438B744179B8ABB1605B29E /* ColorsGen.swift */,
			);
			path = Colors;
			sourceTree = "<group>";
		};
		89DFAF63056CBEEBF61DF64F /* UseCase */ = {
			isa = PBXGroup;
			children = (
				28AC58244FF62C93C5754CF8 /* AppUseCase.swift */,
				28D984F09EF6F36B83FAC708 /* PresetUseCase.swift */,
			);
			path = UseCase;
			sourceTree = "<group>";
		};
		8B9AC77E4F77873A5979A440 /* Resource */ = {
			isa = PBXGroup;
			children = (
				5F36D93759088B08CBA15FC6 /* GoogleService-Info.plist */,
				8460838B54B8ADF7424F9D15 /* Info.plist */,
				41760B69C7B95CC8CFCA23C4 /* Urls.swift */,
				873AB3648E3A484BE11BEAE1 /* Colors */,
				F1E6D5A06748CD31E39C49D2 /* Fonts */,
				D50ABA331259FB0CD2BD836F /* Images */,
				33E59C3097D860B4A1084255 /* Sounds */,
				58D7034DCA2B34B5693CB360 /* Strings */,
			);
			path = Resource;
			sourceTree = "<group>";
		};
		ABDBD5AE1C5540530CDF1F37 /* View */ = {
			isa = PBXGroup;
			children = (
				2B733683F3227A3D51B6103C /* SwiftUI */,
			);
			path = View;
			sourceTree = "<group>";
		};
		D13B09C7C8F7DF61E12FC426 /* Splash */ = {
			isa = PBXGroup;
			children = (
				FF2EE17C9546B27098F42BDC /* Splash.storyboard */,
			);
			path = Splash;
			sourceTree = "<group>";
		};
		D3B2A38B9F64309F9674E0D7 /* Extensions */ = {
			isa = PBXGroup;
			children = (
				1493713EF651FE3113879952 /* CIImage+Ex.swift */,
				01527C05FA311A357659649E /* Collection+Ex.swift */,
				98BD6C9FEC50CF910A541740 /* Date+Ex.swift */,
				6F17DF48BF0D2597D434AB78 /* IBDesignableButton.swift */,
				2D7321ECA141F838663ABDFE /* IBDesignableSegumentControl.swift */,
				814DC2AF319A8688CB64598A /* IBDesignableTableView.swift */,
				A56B0FF4E7BC9CB3C05292B4 /* IBDesignableView.swift */,
				6E4494C7918369B998D089CF /* MPMediaItem+Ex.swift */,
				1653A70712A10FC2AC2D9794 /* MPMediaItemCollection+Ex.swift */,
				7F27FFE0F863F9A65376907E /* MPMediaPlayer+Ex.swift */,
				484EC663DEA2A5A3C6145C8B /* NSObject+Ex.swift */,
				495347AEB60D79E4A75D9DEE /* String+Ex.swift */,
				0825AF99214B63C0623CA237 /* UICollection+Ex.swift */,
				F1D36484B77C3734EB221C5C /* UIColor+Ex.swift */,
				E5D71A45CF02A8C11E1CF9C5 /* UITable+Ex.swift */,
			);
			path = Extensions;
			sourceTree = "<group>";
		};
		D50ABA331259FB0CD2BD836F /* Images */ = {
			isa = PBXGroup;
			children = (
				22841ED4131A856361C36185 /* Images.xcassets */,
			);
			path = Images;
			sourceTree = "<group>";
		};
		D531378BD2F3A569B864A2BE /* Otofuda-iOSTests */ = {
			isa = PBXGroup;
			children = (
				3E454F5A303FACA80C8AC57B /* Info.plist */,
				490CB69232C786ADFE612B1A /* Otofuda_iOSTests.swift */,
			);
			path = "Otofuda-iOSTests";
			sourceTree = "<group>";
		};
		D64B61004D52386AF6C398F6 = {
			isa = PBXGroup;
			children = (
				763D720AD4CE6D14DC23B041 /* Otofuda-iOS */,
				D531378BD2F3A569B864A2BE /* Otofuda-iOSTests */,
				E21F2623BE4DA07FAB8B180A /* Otofuda-iOSUITests */,
				090DEB1C0D3D1AE4D9DA0B12 /* Products */,
				F39C1B0426CD7E57004AC13A /* Frameworks */,
			);
			sourceTree = "<group>";
		};
		E21F2623BE4DA07FAB8B180A /* Otofuda-iOSUITests */ = {
			isa = PBXGroup;
			children = (
				FEADB6297650CEECBB662DB2 /* Info.plist */,
				EEFE926F2CA5CFE30351C98D /* Otofuda_iOSUITests.swift */,
			);
			path = "Otofuda-iOSUITests";
			sourceTree = "<group>";
		};
		F1E6D5A06748CD31E39C49D2 /* Fonts */ = {
			isa = PBXGroup;
			children = (
				76BCE9D924BD5089B4BD3A47 /* FontsGen.swift */,
			);
			path = Fonts;
			sourceTree = "<group>";
		};
		F39C1B0426CD7E57004AC13A /* Frameworks */ = {
			isa = PBXGroup;
			children = (
			);
			name = Frameworks;
			sourceTree = "<group>";
		};
		F68E1139B08EACB33C6416CD /* iTunesPicker */ = {
			isa = PBXGroup;
			children = (
				D023FF71CECD7EACA288CF2E /* iTunesPickerVC.swift */,
				032D53C98EBD8B6DC0EC0C17 /* SearchResultCell.swift */,
			);
			path = iTunesPicker;
			sourceTree = "<group>";
		};
		FA61E90A04CBC390166A368B /* Source */ = {
			isa = PBXGroup;
			children = (
				93A11B5A08DE1569CB41663C /* AppDelegate.swift */,
				BAB11338386A46CE00FEFEC6 /* Constants.swift */,
				9EACD3618540AB00168C905F /* SceneDelegate.swift */,
				66BFBDF9039E985770F7D44A /* Commons */,
				3D57411AD4AA50B005A8200D /* Coordinator */,
				1E295116BA5BB557044081E5 /* Domain */,
				5FC886D653311EE2B7A695F7 /* Entity */,
				89DFAF63056CBEEBF61DF64F /* UseCase */,
				4A47A4461C21E6F906A7B5CF /* Utility */,
				ABDBD5AE1C5540530CDF1F37 /* View */,
				4B40061BECDD890EFA7592D5 /* ViewController */,
				2CB859712D638E5F963F0350 /* ViewModel */,
			);
			path = Source;
			sourceTree = "<group>";
		};
/* End PBXGroup section */

/* Begin PBXNativeTarget section */
		443DB2608CA7EFD56BD68C71 /* Otofuda-iOS */ = {
			isa = PBXNativeTarget;
			buildConfigurationList = F59FA71432F99B2F80F301F6 /* Build configuration list for PBXNativeTarget "Otofuda-iOS" */;
			buildPhases = (
				0C5981BB2DD4CDF73ACC2A4E /* Sources */,
				39F4B951F371E7D688492C10 /* Resources */,
				9099CE09D934269528D0E87C /* Frameworks */,
			);
			buildRules = (
			);
			dependencies = (
			);
			name = "Otofuda-iOS";
			packageProductDependencies = (
				E25C2A2AD21F27C1C620A856 /* Toast */,
				248781FA6C44A1A1AC7F97C6 /* Alamofire */,
				C05AB98E931CE5169E6A2BFB /* AlamofireImage */,
				D6434CA7DA8DC225176F03CF /* PromiseKit */,
				BD2F0FAC5368F9C219DA3415 /* SwiftyJSON */,
				CF72CB7F507F4557EAD3F929 /* RxSwift */,
				3A553FA308FF32DC89349584 /* CombineCocoa */,
				F39C1B0526CD7E57004AC13A /* FirebaseDatabase */,
			);
			productName = "Otofuda-iOS";
			productReference = B8A8256FEE14A73EC37D7DD1 /* Otofuda-iOS.app */;
			productType = "com.apple.product-type.application";
		};
		44970022EA2C14B9F51720F7 /* Otofuda-iOSTests */ = {
			isa = PBXNativeTarget;
			buildConfigurationList = 81F4D46C77BE3B28DBCCAAD5 /* Build configuration list for PBXNativeTarget "Otofuda-iOSTests" */;
			buildPhases = (
				11AC058FE3A2DD8D5682D6D5 /* Sources */,
			);
			buildRules = (
			);
			dependencies = (
				0BA87867702E7CEFB0FE5BD5 /* PBXTargetDependency */,
			);
			name = "Otofuda-iOSTests";
			productName = "Otofuda-iOSTests";
			productReference = 3CEE87BD6DF012B7FC457D49 /* Otofuda-iOSTests.xctest */;
			productType = "com.apple.product-type.bundle.unit-test";
		};
		56E052E33F6A5291FBD7001F /* Otofuda-iOSUITests */ = {
			isa = PBXNativeTarget;
			buildConfigurationList = AF42A3046ED3116D487D910D /* Build configuration list for PBXNativeTarget "Otofuda-iOSUITests" */;
			buildPhases = (
				30F97DB80A71633985BF0EF6 /* Sources */,
			);
			buildRules = (
			);
			dependencies = (
				5D616AE45EE731FAD7CC6696 /* PBXTargetDependency */,
			);
			name = "Otofuda-iOSUITests";
			productName = "Otofuda-iOSUITests";
			productReference = CA8FBC3DC3F614A66290E839 /* Otofuda-iOSUITests.xctest */;
			productType = "com.apple.product-type.bundle.ui-testing";
		};
/* End PBXNativeTarget section */

/* Begin PBXProject section */
		458EED08544D9EA0B421E013 /* Project object */ = {
			isa = PBXProject;
			attributes = {
				LastUpgradeCheck = 1131;
				TargetAttributes = {
					56E052E33F6A5291FBD7001F = {
						TestTargetID = 443DB2608CA7EFD56BD68C71;
					};
				};
			};
			buildConfigurationList = 1A4BB81703B6845A4681C113 /* Build configuration list for PBXProject "Otofuda-iOS" */;
			compatibilityVersion = "Xcode 10.0";
			developmentRegion = ja;
			hasScannedForEncodings = 0;
			knownRegions = (
				Base,
				en,
				ja,
			);
			mainGroup = D64B61004D52386AF6C398F6;
			packageReferences = (
				419407CD07535C704581FEA9 /* XCRemoteSwiftPackageReference "Alamofire" */,
				807593B5E76A12C2DF1DAAF9 /* XCRemoteSwiftPackageReference "AlamofireImage" */,
				6C5CBFE761B7EC83C89A9F4F /* XCRemoteSwiftPackageReference "CombineCocoa" */,
				4F1288763ACD1E867643A4E1 /* XCRemoteSwiftPackageReference "firebase-ios-sdk" */,
				2D969D5D95B25D50A467FDF1 /* XCRemoteSwiftPackageReference "PromiseKit" */,
				1C671292CD11782D8F3EE6B2 /* XCRemoteSwiftPackageReference "RxSwift" */,
				313763F443E94DFB4F87D753 /* XCRemoteSwiftPackageReference "SwiftyJSON" */,
				FCCC77BBA746E0F43308B927 /* XCRemoteSwiftPackageReference "Toast-Swift" */,
			);
			projectDirPath = "";
			projectRoot = "";
			targets = (
				443DB2608CA7EFD56BD68C71 /* Otofuda-iOS */,
				44970022EA2C14B9F51720F7 /* Otofuda-iOSTests */,
				56E052E33F6A5291FBD7001F /* Otofuda-iOSUITests */,
			);
		};
/* End PBXProject section */

/* Begin PBXResourcesBuildPhase section */
		39F4B951F371E7D688492C10 /* Resources */ = {
			isa = PBXResourcesBuildPhase;
			buildActionMask = 2147483647;
			files = (
				C6A76B6456EC8DFA1B34F4E8 /* Colors.xcassets in Resources */,
				9604FE6A6549C9EB0E9F7F62 /* CreateRoom.storyboard in Resources */,
				1E1397BA1EEA4865E0B4FCD3 /* FudaCollectionCell.xib in Resources */,
				2C2B0561911052FB0FD186B0 /* GoogleService-Info.plist in Resources */,
				212AC047F76DC4D0796D02F6 /* Images.xcassets in Resources */,
				912E94D4527D60BCEEE8DEE3 /* Localizable.strings in Resources */,
				B7A1855240619925F5A8A2E0 /* Menu.storyboard in Resources */,
				5731458A02153635FB97D55A /* Play.storyboard in Resources */,
				40AAFDA154E74AB3AC702E94 /* Result.storyboard in Resources */,
				1EA6C107A7C1ACB3B712A1B0 /* ResultTableCell.xib in Resources */,
				FE97027F3CF55A3206E74EF6 /* SearchGroup.storyboard in Resources */,
				4CB9FCC877307AF4CDB0EE72 /* SearchResultCell.xib in Resources */,
				A8812606580DB4ED7B4D2313 /* SelectMusicTableCell.xib in Resources */,
				87034D21B23AC94B46038328 /* Splash.storyboard in Resources */,
				E2F18338D691105AEA242DAF /* Top.storyboard in Resources */,
				A3BEF8F9EE6D001AAD0FA970 /* iTunesPicker.storyboard in Resources */,
				96D4C63BAAA7205D62804BB6 /* tap_fuda.caf in Resources */,
			);
			runOnlyForDeploymentPostprocessing = 0;
		};
/* End PBXResourcesBuildPhase section */

/* Begin PBXSourcesBuildPhase section */
		0C5981BB2DD4CDF73ACC2A4E /* Sources */ = {
			isa = PBXSourcesBuildPhase;
			buildActionMask = 2147483647;
			files = (
				364BBE147364CD239EFEA481 /* ApiClient.swift in Sources */,
				41527304F6EB526F8069CC07 /* AppCoordinator.swift in Sources */,
				7BFAFD7107AD10D907C5E561 /* AppDelegate.swift in Sources */,
				9148C870161E071EA9AA2F4A /* AppUseCase.swift in Sources */,
				0CF206C18BC3A03E43A9F689 /* AppleMusicTopRssResponse.swift in Sources */,
				E7C6C424E1EBF7D953DF924A /* Bindable.swift in Sources */,
				33D5BA08A739C16F880D4A43 /* CIImage+Ex.swift in Sources */,
				4905EA3CFFBC869481317217 /* CardCountMode.swift in Sources */,
				4C38D20BAAB2506EC56AF96B /* Collection+Ex.swift in Sources */,
				43FB30903F861198F2F6F3C0 /* ColorList.swift in Sources */,
				DB28C38DCCF0C853681FE6B9 /* ColorsGen.swift in Sources */,
				C887953D8057F50772401066 /* Constants.swift in Sources */,
				6DA330E7F5C55F7A9FD04FC6 /* Coordinator.swift in Sources */,
				1F87D7D9D6D76C64FEAF7053 /* CreateGroupCoordinator.swift in Sources */,
				2C5901AD088BB6754A251D76 /* CreateRoomVC.swift in Sources */,
				2F1F1C473944B56050B7CC52 /* CreateRoomVM.swift in Sources */,
				3138204C0E81D5635EF0329A /* Date+Ex.swift in Sources */,
				D55D4F9BAD47DE753D81AB87 /* EmojiLogger.swift in Sources */,
				012D2B48565D579B95D5DF4D /* Environment.swift in Sources */,
				AA2EB21B4E448DE1C297285E /* FirebaseManager.swift in Sources */,
				5D3B61E529629C09DA8F96B2 /* FontsGen.swift in Sources */,
				8DEF879AF1D1AD4C4FA80E2D /* FudaCollectionCell.swift in Sources */,
				FF412444A339751D8B95B832 /* IBDesignableButton.swift in Sources */,
				760278A1E0119193D92FF795 /* IBDesignableSegumentControl.swift in Sources */,
				899638E4B77E83903E007FC7 /* IBDesignableTableView.swift in Sources */,
				115DF74282C5376151CC0D7E /* IBDesignableView.swift in Sources */,
				E3B098EA5C07AF7F4E8BD68D /* Injectable.swift in Sources */,
				9C44E387BBEC37C46FB6B326 /* Interactable.swift in Sources */,
				B67F50F6B75BF6D0143205E2 /* MPMediaItem+Ex.swift in Sources */,
				ABEFE15041FEB6FB5CCD9D56 /* MPMediaItemCollection+Ex.swift in Sources */,
				7BED82243F1D81557FEE11CB /* MPMediaPlayer+Ex.swift in Sources */,
				C5AC72BAE89AA00EE17EAD11 /* MenuVC+Ex.swift in Sources */,
				FB094484FA10577BDF162E9D /* MenuVC+MPMediaPickerDelegate.swift in Sources */,
				925628A853E1CE9A4EC4AFC6 /* MenuVC+UITableDataSource.swift in Sources */,
				871A9A8DF3B77F327BEB0FA7 /* MenuVC+UITableDelegate.swift in Sources */,
				782B938A64FCCC055B538390 /* MenuVC.swift in Sources */,
				F612985553F1B901653FCC82 /* Music.swift in Sources */,
				EC4A2AD40726F8E7B1A23316 /* MusicList.swift in Sources */,
				2AAE782A314305E9F24A9539 /* NSObject+Ex.swift in Sources */,
				3AF720D760FE571F18C0E427 /* PlayVC+Ex.swift in Sources */,
				057B1BA5801D0651DD76A95E /* PlayVC+UICollectionDataSource.swift in Sources */,
				A98C180C8432F85DB02A479D /* PlayVC+UICollectionDelegate.swift in Sources */,
				437BF5B6E0E5A8C922BE4C10 /* PlayVC+UICollectionLayout.swift in Sources */,
				DCC4DDD547FCFE82B0AB9A62 /* PlayVC.swift in Sources */,
				A6BC897E970B1B7E54453493 /* PlaybackMode.swift in Sources */,
				01DC1C367D037F85B72CD86C /* Preset.swift in Sources */,
				E138D6C6604498ED0CDC5D3A /* PresetList.swift in Sources */,
				6B1FDEFF27F6E8E6BCA7130E /* PresetResponse.swift in Sources */,
				673BB710B4EC5000525166AA /* PresetUseCase.swift in Sources */,
				FA5A38746E15C0799CAF7585 /* PresetViewModel.swift in Sources */,
				4DCC0F7274EDDAD434B7C4B6 /* PresetsResponse.swift in Sources */,
				F37D01FB22BB24FD8C96073C /* RequestEntity.swift in Sources */,
				146BD86F6878DB80BFEA2BE8 /* ResponseEntity.swift in Sources */,
				042BFC4C3CA2F830F844B9C7 /* ResultTableCell.swift in Sources */,
				32A18C6AD9E08C55A89B218D /* ResultVC+Ex.swift in Sources */,
				D326F974F7F51878EE056B67 /* ResultVC+UICollectionDataSource.swift in Sources */,
				520908D155247CEDE7D7BD04 /* ResultVC+UICollectionDelegate.swift in Sources */,
				93A86541BF4943479F1D00AF /* ResultVC.swift in Sources */,
				808C3E949FD70FE8A5DD006A /* Room.swift in Sources */,
				E041C6C318D3370DC0AB3552 /* SceneDelegate.swift in Sources */,
				D84591F45AC4E124FE87AED1 /* ScoreMode.swift in Sources */,
				70DA2EB8FF776B5EC60D9724 /* SearchGroupVC.swift in Sources */,
				897E8E94AD8E18A05DB55565 /* SearchResultCell.swift in Sources */,
				4697C4BE3C1ADBA0ABB93596 /* SelectMusicTableCell.swift in Sources */,
				CD42E6F8238B621BC8F95989 /* StoryboardLoadable.swift in Sources */,
				74A8857E5867A3D9EAA95D7A /* String+Ex.swift in Sources */,
				86B822AA43D14A247EC06D14 /* StringsGen.swift in Sources */,
				AC35154BDC3C8805546EF155 /* TopCoordinator.swift in Sources */,
				D970BB430B6FC174A08DB173 /* TopVC.swift in Sources */,
				09E24EA4B8706BE9B6C154D9 /* TopVM.swift in Sources */,
				80F67F7F55BA78FB472B29AA /* TopView.swift in Sources */,
				402EF874585ECA78DDA709AD /* UICollection+Ex.swift in Sources */,
				A84D7D007B1F951B5D282EB7 /* UIColor+Ex.swift in Sources */,
				FBB291603934886E0EDCF827 /* UITable+Ex.swift in Sources */,
				4CB40C5340414E2B15A5D304 /* Urls.swift in Sources */,
				78F2187F50182E89EC2264F6 /* User.swift in Sources */,
				299E4BAA97FAA8E5B55E08B5 /* UserRepository.swift in Sources */,
				EFE10A45A134635592CD273B /* UsingMusicMode.swift in Sources */,
				165B25B9E24F8944A4B9D313 /* ViewModel.swift in Sources */,
				FE71E694C96D2B85A2AEEE6B /* iTunesApi.swift in Sources */,
				AF46C8CCDEECBCB69B914FE0 /* iTunesPickerVC.swift in Sources */,
			);
			runOnlyForDeploymentPostprocessing = 0;
		};
		11AC058FE3A2DD8D5682D6D5 /* Sources */ = {
			isa = PBXSourcesBuildPhase;
			buildActionMask = 2147483647;
			files = (
				E8703C214D3EDA1074607A0C /* Otofuda_iOSTests.swift in Sources */,
			);
			runOnlyForDeploymentPostprocessing = 0;
		};
		30F97DB80A71633985BF0EF6 /* Sources */ = {
			isa = PBXSourcesBuildPhase;
			buildActionMask = 2147483647;
			files = (
				7BF290409F277AEED8031160 /* Otofuda_iOSUITests.swift in Sources */,
			);
			runOnlyForDeploymentPostprocessing = 0;
		};
/* End PBXSourcesBuildPhase section */

/* Begin PBXTargetDependency section */
		0BA87867702E7CEFB0FE5BD5 /* PBXTargetDependency */ = {
			isa = PBXTargetDependency;
			target = 443DB2608CA7EFD56BD68C71 /* Otofuda-iOS */;
			targetProxy = 687FCCEB9961CDABA63F09CF /* PBXContainerItemProxy */;
		};
		5D616AE45EE731FAD7CC6696 /* PBXTargetDependency */ = {
			isa = PBXTargetDependency;
			target = 443DB2608CA7EFD56BD68C71 /* Otofuda-iOS */;
			targetProxy = 82C40486FD8615AA9FF8BCC7 /* PBXContainerItemProxy */;
		};
/* End PBXTargetDependency section */

/* Begin PBXVariantGroup section */
		8A8E64FDFF538B530B79C765 /* Localizable.strings */ = {
			isa = PBXVariantGroup;
			children = (
				D4E82F3B0D86F8EB123A1FDB /* en */,
				10D767A5862C8FD3CA1EB861 /* ja */,
			);
			name = Localizable.strings;
			sourceTree = "<group>";
		};
/* End PBXVariantGroup section */

/* Begin XCBuildConfiguration section */
		0E425907B83A082FF9811BC8 /* Debug */ = {
			isa = XCBuildConfiguration;
			buildSettings = {
				BUNDLE_LOADER = "$(TEST_HOST)";
				INFOPLIST_FILE = "Otofuda-iOSTests/Info.plist";
				LD_RUNPATH_SEARCH_PATHS = (
					"$(inherited)",
					"@executable_path/Frameworks",
					"@loader_path/Frameworks",
				);
				PRODUCT_BUNDLE_IDENTIFIER = "lab-snakamura.org.Otofuda-iOSTests";
				SDKROOT = iphoneos;
				TARGETED_DEVICE_FAMILY = "1,2";
				TEST_HOST = "$(BUILT_PRODUCTS_DIR)/Otofuda-iOS.app/Otofuda-iOS";
			};
			name = Debug;
		};
		256AF0611816DF02DAEC8EC7 /* Release */ = {
			isa = XCBuildConfiguration;
			buildSettings = {
				BUNDLE_LOADER = "$(TEST_HOST)";
				INFOPLIST_FILE = "Otofuda-iOSUITests/Info.plist";
				LD_RUNPATH_SEARCH_PATHS = (
					"$(inherited)",
					"@executable_path/Frameworks",
					"@loader_path/Frameworks",
				);
				PRODUCT_BUNDLE_IDENTIFIER = "lab-snakamura.org.Otofuda-iOSUITests";
				SDKROOT = iphoneos;
				TARGETED_DEVICE_FAMILY = "1,2";
				TEST_TARGET_NAME = "Otofuda-iOS";
			};
			name = Release;
		};
		2676FF9AEE321F9D0CBB87F2 /* Release */ = {
			isa = XCBuildConfiguration;
			buildSettings = {
				ASSETCATALOG_COMPILER_APPICON_NAME = AppIcon;
				CODE_SIGN_IDENTITY = "iPhone Developer";
				DEVELOPMENT_LANGUAGE = jp;
				DEVELOPMENT_TEAM = T8YPT438X6;
				INFOPLIST_FILE = "Otofuda-iOS/Resource/Info.plist";
				LD_RUNPATH_SEARCH_PATHS = (
					"$(inherited)",
					"@executable_path/Frameworks",
				);
				OTHER_LDFLAGS = (
					"$(inherited)",
					"$(OTHER_LDFLAGS)",
					"-ObjC",
				);
				PRODUCT_BUNDLE_IDENTIFIER = "lab-snakamura.org.Otofuda-iOS";
				SDKROOT = iphoneos;
				TARGETED_DEVICE_FAMILY = "1,2";
			};
			name = Release;
		};
		3C24DAD4D4E3623FC441BAE6 /* Debug */ = {
			isa = XCBuildConfiguration;
			buildSettings = {
				BUNDLE_LOADER = "$(TEST_HOST)";
				INFOPLIST_FILE = "Otofuda-iOSUITests/Info.plist";
				LD_RUNPATH_SEARCH_PATHS = (
					"$(inherited)",
					"@executable_path/Frameworks",
					"@loader_path/Frameworks",
				);
				PRODUCT_BUNDLE_IDENTIFIER = "lab-snakamura.org.Otofuda-iOSUITests";
				SDKROOT = iphoneos;
				TARGETED_DEVICE_FAMILY = "1,2";
				TEST_TARGET_NAME = "Otofuda-iOS";
			};
			name = Debug;
		};
		4D54FFF5D6FB7E680DE5F74E /* Release */ = {
			isa = XCBuildConfiguration;
			buildSettings = {
				ALWAYS_SEARCH_USER_PATHS = NO;
				CLANG_ANALYZER_NONNULL = YES;
				CLANG_ANALYZER_NUMBER_OBJECT_CONVERSION = YES_AGGRESSIVE;
				CLANG_CXX_LANGUAGE_STANDARD = "gnu++14";
				CLANG_CXX_LIBRARY = "libc++";
				CLANG_ENABLE_MODULES = YES;
				CLANG_ENABLE_OBJC_ARC = YES;
				CLANG_ENABLE_OBJC_WEAK = YES;
				CLANG_WARN_BLOCK_CAPTURE_AUTORELEASING = YES;
				CLANG_WARN_BOOL_CONVERSION = YES;
				CLANG_WARN_COMMA = YES;
				CLANG_WARN_CONSTANT_CONVERSION = YES;
				CLANG_WARN_DEPRECATED_OBJC_IMPLEMENTATIONS = YES;
				CLANG_WARN_DIRECT_OBJC_ISA_USAGE = YES_ERROR;
				CLANG_WARN_DOCUMENTATION_COMMENTS = YES;
				CLANG_WARN_EMPTY_BODY = YES;
				CLANG_WARN_ENUM_CONVERSION = YES;
				CLANG_WARN_INFINITE_RECURSION = YES;
				CLANG_WARN_INT_CONVERSION = YES;
				CLANG_WARN_NON_LITERAL_NULL_CONVERSION = YES;
				CLANG_WARN_OBJC_IMPLICIT_RETAIN_SELF = YES;
				CLANG_WARN_OBJC_LITERAL_CONVERSION = YES;
				CLANG_WARN_OBJC_ROOT_CLASS = YES_ERROR;
				CLANG_WARN_QUOTED_INCLUDE_IN_FRAMEWORK_HEADER = YES;
				CLANG_WARN_RANGE_LOOP_ANALYSIS = YES;
				CLANG_WARN_STRICT_PROTOTYPES = YES;
				CLANG_WARN_SUSPICIOUS_MOVE = YES;
				CLANG_WARN_UNGUARDED_AVAILABILITY = YES_AGGRESSIVE;
				CLANG_WARN_UNREACHABLE_CODE = YES;
				CLANG_WARN__DUPLICATE_METHOD_MATCH = YES;
				COPY_PHASE_STRIP = NO;
				CURRENT_PROJECT_VERSION = 1;
				DEBUG_INFORMATION_FORMAT = "dwarf-with-dsym";
				ENABLE_NS_ASSERTIONS = NO;
				ENABLE_STRICT_OBJC_MSGSEND = YES;
				GCC_C_LANGUAGE_STANDARD = gnu11;
				GCC_NO_COMMON_BLOCKS = YES;
				GCC_WARN_64_TO_32_BIT_CONVERSION = YES;
				GCC_WARN_ABOUT_RETURN_TYPE = YES_ERROR;
				GCC_WARN_UNDECLARED_SELECTOR = YES;
				GCC_WARN_UNINITIALIZED_AUTOS = YES_AGGRESSIVE;
				GCC_WARN_UNUSED_FUNCTION = YES;
				GCC_WARN_UNUSED_VARIABLE = YES;
				IPHONEOS_DEPLOYMENT_TARGET = 13.0;
				MARKETING_VERSION = 1.0.0;
				MTL_ENABLE_DEBUG_INFO = NO;
				MTL_FAST_MATH = YES;
				PRODUCT_NAME = "$(TARGET_NAME)";
				SDKROOT = iphoneos;
				SWIFT_COMPILATION_MODE = wholemodule;
				SWIFT_OPTIMIZATION_LEVEL = "-O";
				SWIFT_VERSION = 5.0;
			};
			name = Release;
		};
		744CF44CB67A332F9C859188 /* Debug */ = {
			isa = XCBuildConfiguration;
			buildSettings = {
				ALWAYS_SEARCH_USER_PATHS = NO;
				CLANG_ANALYZER_NONNULL = YES;
				CLANG_ANALYZER_NUMBER_OBJECT_CONVERSION = YES_AGGRESSIVE;
				CLANG_CXX_LANGUAGE_STANDARD = "gnu++14";
				CLANG_CXX_LIBRARY = "libc++";
				CLANG_ENABLE_MODULES = YES;
				CLANG_ENABLE_OBJC_ARC = YES;
				CLANG_ENABLE_OBJC_WEAK = YES;
				CLANG_WARN_BLOCK_CAPTURE_AUTORELEASING = YES;
				CLANG_WARN_BOOL_CONVERSION = YES;
				CLANG_WARN_COMMA = YES;
				CLANG_WARN_CONSTANT_CONVERSION = YES;
				CLANG_WARN_DEPRECATED_OBJC_IMPLEMENTATIONS = YES;
				CLANG_WARN_DIRECT_OBJC_ISA_USAGE = YES_ERROR;
				CLANG_WARN_DOCUMENTATION_COMMENTS = YES;
				CLANG_WARN_EMPTY_BODY = YES;
				CLANG_WARN_ENUM_CONVERSION = YES;
				CLANG_WARN_INFINITE_RECURSION = YES;
				CLANG_WARN_INT_CONVERSION = YES;
				CLANG_WARN_NON_LITERAL_NULL_CONVERSION = YES;
				CLANG_WARN_OBJC_IMPLICIT_RETAIN_SELF = YES;
				CLANG_WARN_OBJC_LITERAL_CONVERSION = YES;
				CLANG_WARN_OBJC_ROOT_CLASS = YES_ERROR;
				CLANG_WARN_QUOTED_INCLUDE_IN_FRAMEWORK_HEADER = YES;
				CLANG_WARN_RANGE_LOOP_ANALYSIS = YES;
				CLANG_WARN_STRICT_PROTOTYPES = YES;
				CLANG_WARN_SUSPICIOUS_MOVE = YES;
				CLANG_WARN_UNGUARDED_AVAILABILITY = YES_AGGRESSIVE;
				CLANG_WARN_UNREACHABLE_CODE = YES;
				CLANG_WARN__DUPLICATE_METHOD_MATCH = YES;
				COPY_PHASE_STRIP = NO;
				CURRENT_PROJECT_VERSION = 1;
				DEBUG_INFORMATION_FORMAT = "dwarf-with-dsym";
				ENABLE_STRICT_OBJC_MSGSEND = YES;
				ENABLE_TESTABILITY = YES;
				GCC_C_LANGUAGE_STANDARD = gnu11;
				GCC_DYNAMIC_NO_PIC = NO;
				GCC_NO_COMMON_BLOCKS = YES;
				GCC_OPTIMIZATION_LEVEL = 0;
				GCC_PREPROCESSOR_DEFINITIONS = (
					"$(inherited)",
					"DEBUG=1",
				);
				GCC_WARN_64_TO_32_BIT_CONVERSION = YES;
				GCC_WARN_ABOUT_RETURN_TYPE = YES_ERROR;
				GCC_WARN_UNDECLARED_SELECTOR = YES;
				GCC_WARN_UNINITIALIZED_AUTOS = YES_AGGRESSIVE;
				GCC_WARN_UNUSED_FUNCTION = YES;
				GCC_WARN_UNUSED_VARIABLE = YES;
				IPHONEOS_DEPLOYMENT_TARGET = 13.0;
				MARKETING_VERSION = 1.0.0;
				MTL_ENABLE_DEBUG_INFO = INCLUDE_SOURCE;
				MTL_FAST_MATH = YES;
				ONLY_ACTIVE_ARCH = YES;
				PRODUCT_NAME = "$(TARGET_NAME)";
				SDKROOT = iphoneos;
				SWIFT_ACTIVE_COMPILATION_CONDITIONS = DEBUG;
				SWIFT_OPTIMIZATION_LEVEL = "-Onone";
				SWIFT_VERSION = 5.0;
			};
			name = Debug;
		};
		92127BB46E81E899F40B3492 /* Release */ = {
			isa = XCBuildConfiguration;
			buildSettings = {
				BUNDLE_LOADER = "$(TEST_HOST)";
				INFOPLIST_FILE = "Otofuda-iOSTests/Info.plist";
				LD_RUNPATH_SEARCH_PATHS = (
					"$(inherited)",
					"@executable_path/Frameworks",
					"@loader_path/Frameworks",
				);
				PRODUCT_BUNDLE_IDENTIFIER = "lab-snakamura.org.Otofuda-iOSTests";
				SDKROOT = iphoneos;
				TARGETED_DEVICE_FAMILY = "1,2";
				TEST_HOST = "$(BUILT_PRODUCTS_DIR)/Otofuda-iOS.app/Otofuda-iOS";
			};
			name = Release;
		};
		E39A7BFD3773F335CD633F8C /* Debug */ = {
			isa = XCBuildConfiguration;
			buildSettings = {
				ASSETCATALOG_COMPILER_APPICON_NAME = AppIcon;
				CODE_SIGN_IDENTITY = "iPhone Developer";
				DEVELOPMENT_LANGUAGE = jp;
				DEVELOPMENT_TEAM = T8YPT438X6;
				INFOPLIST_FILE = "Otofuda-iOS/Resource/Info.plist";
				LD_RUNPATH_SEARCH_PATHS = (
					"$(inherited)",
					"@executable_path/Frameworks",
				);
				OTHER_LDFLAGS = (
					"$(inherited)",
					"$(OTHER_LDFLAGS)",
					"-ObjC",
				);
				OTHER_SWIFT_FLAGS = "$(inherited) -Xfrontend -warn-long-expression-type-checking=500 -Xfrontend -warn-long-function-bodies=500";
				PRODUCT_BUNDLE_IDENTIFIER = "lab-snakamura.org.Otofuda-iOS";
				SDKROOT = iphoneos;
				TARGETED_DEVICE_FAMILY = "1,2";
			};
			name = Debug;
		};
/* End XCBuildConfiguration section */

/* Begin XCConfigurationList section */
		1A4BB81703B6845A4681C113 /* Build configuration list for PBXProject "Otofuda-iOS" */ = {
			isa = XCConfigurationList;
			buildConfigurations = (
				744CF44CB67A332F9C859188 /* Debug */,
				4D54FFF5D6FB7E680DE5F74E /* Release */,
			);
			defaultConfigurationIsVisible = 0;
			defaultConfigurationName = Debug;
		};
		81F4D46C77BE3B28DBCCAAD5 /* Build configuration list for PBXNativeTarget "Otofuda-iOSTests" */ = {
			isa = XCConfigurationList;
			buildConfigurations = (
				0E425907B83A082FF9811BC8 /* Debug */,
				92127BB46E81E899F40B3492 /* Release */,
			);
			defaultConfigurationIsVisible = 0;
			defaultConfigurationName = Debug;
		};
		AF42A3046ED3116D487D910D /* Build configuration list for PBXNativeTarget "Otofuda-iOSUITests" */ = {
			isa = XCConfigurationList;
			buildConfigurations = (
				3C24DAD4D4E3623FC441BAE6 /* Debug */,
				256AF0611816DF02DAEC8EC7 /* Release */,
			);
			defaultConfigurationIsVisible = 0;
			defaultConfigurationName = Debug;
		};
		F59FA71432F99B2F80F301F6 /* Build configuration list for PBXNativeTarget "Otofuda-iOS" */ = {
			isa = XCConfigurationList;
			buildConfigurations = (
				E39A7BFD3773F335CD633F8C /* Debug */,
				2676FF9AEE321F9D0CBB87F2 /* Release */,
			);
			defaultConfigurationIsVisible = 0;
			defaultConfigurationName = Debug;
		};
/* End XCConfigurationList section */

/* Begin XCRemoteSwiftPackageReference section */
		1C671292CD11782D8F3EE6B2 /* XCRemoteSwiftPackageReference "RxSwift" */ = {
			isa = XCRemoteSwiftPackageReference;
			repositoryURL = "https://github.com/ReactiveX/RxSwift.git";
			requirement = {
				kind = exactVersion;
				version = 6.1.0;
			};
		};
		2D969D5D95B25D50A467FDF1 /* XCRemoteSwiftPackageReference "PromiseKit" */ = {
			isa = XCRemoteSwiftPackageReference;
			repositoryURL = "https://github.com/mxcl/PromiseKit";
			requirement = {
				kind = exactVersion;
				version = 6.13.3;
			};
		};
		313763F443E94DFB4F87D753 /* XCRemoteSwiftPackageReference "SwiftyJSON" */ = {
			isa = XCRemoteSwiftPackageReference;
			repositoryURL = "https://github.com/SwiftyJSON/SwiftyJSON.git";
			requirement = {
				kind = exactVersion;
				version = 5.0.0;
			};
		};
		419407CD07535C704581FEA9 /* XCRemoteSwiftPackageReference "Alamofire" */ = {
			isa = XCRemoteSwiftPackageReference;
			repositoryURL = "https://github.com/Alamofire/Alamofire.git";
			requirement = {
				kind = exactVersion;
				version = 5.4.1;
			};
		};
		4F1288763ACD1E867643A4E1 /* XCRemoteSwiftPackageReference "firebase-ios-sdk" */ = {
			isa = XCRemoteSwiftPackageReference;
			repositoryURL = "https://github.com/firebase/firebase-ios-sdk.git";
			requirement = {
				kind = exactVersion;
				version = 7.6.0;
			};
		};
		6C5CBFE761B7EC83C89A9F4F /* XCRemoteSwiftPackageReference "CombineCocoa" */ = {
			isa = XCRemoteSwiftPackageReference;
			repositoryURL = "https://github.com/CombineCommunity/CombineCocoa";
			requirement = {
				kind = exactVersion;
				version = 0.3.0;
			};
		};
		807593B5E76A12C2DF1DAAF9 /* XCRemoteSwiftPackageReference "AlamofireImage" */ = {
			isa = XCRemoteSwiftPackageReference;
			repositoryURL = "https://github.com/Alamofire/AlamofireImage.git";
			requirement = {
				kind = exactVersion;
				version = 4.1.0;
			};
		};
		FCCC77BBA746E0F43308B927 /* XCRemoteSwiftPackageReference "Toast-Swift" */ = {
			isa = XCRemoteSwiftPackageReference;
			repositoryURL = "https://github.com/scalessec/Toast-Swift";
			requirement = {
				kind = exactVersion;
				version = 5.0.1;
			};
		};
/* End XCRemoteSwiftPackageReference section */

/* Begin XCSwiftPackageProductDependency section */
		248781FA6C44A1A1AC7F97C6 /* Alamofire */ = {
			isa = XCSwiftPackageProductDependency;
			package = 419407CD07535C704581FEA9 /* XCRemoteSwiftPackageReference "Alamofire" */;
			productName = Alamofire;
		};
		3A553FA308FF32DC89349584 /* CombineCocoa */ = {
			isa = XCSwiftPackageProductDependency;
			package = 6C5CBFE761B7EC83C89A9F4F /* XCRemoteSwiftPackageReference "CombineCocoa" */;
			productName = CombineCocoa;
		};
		BD2F0FAC5368F9C219DA3415 /* SwiftyJSON */ = {
			isa = XCSwiftPackageProductDependency;
			package = 313763F443E94DFB4F87D753 /* XCRemoteSwiftPackageReference "SwiftyJSON" */;
			productName = SwiftyJSON;
		};
		C05AB98E931CE5169E6A2BFB /* AlamofireImage */ = {
			isa = XCSwiftPackageProductDependency;
			package = 807593B5E76A12C2DF1DAAF9 /* XCRemoteSwiftPackageReference "AlamofireImage" */;
			productName = AlamofireImage;
		};
		CF72CB7F507F4557EAD3F929 /* RxSwift */ = {
			isa = XCSwiftPackageProductDependency;
			package = 1C671292CD11782D8F3EE6B2 /* XCRemoteSwiftPackageReference "RxSwift" */;
			productName = RxSwift;
		};
		D6434CA7DA8DC225176F03CF /* PromiseKit */ = {
			isa = XCSwiftPackageProductDependency;
			package = 2D969D5D95B25D50A467FDF1 /* XCRemoteSwiftPackageReference "PromiseKit" */;
			productName = PromiseKit;
		};
		E25C2A2AD21F27C1C620A856 /* Toast */ = {
			isa = XCSwiftPackageProductDependency;
			package = FCCC77BBA746E0F43308B927 /* XCRemoteSwiftPackageReference "Toast-Swift" */;
			productName = Toast;
		};
		F39C1B0526CD7E57004AC13A /* FirebaseDatabase */ = {
			isa = XCSwiftPackageProductDependency;
			package = 4F1288763ACD1E867643A4E1 /* XCRemoteSwiftPackageReference "firebase-ios-sdk" */;
			productName = FirebaseDatabase;
		};
/* End XCSwiftPackageProductDependency section */
	};
	rootObject = 458EED08544D9EA0B421E013 /* Project object */;
}
